
Microsoft Visual Studio Solution File, Format Version 12.00
# Visual Studio Version 16
VisualStudioVersion = 16.0.33423.256
MinimumVisualStudioVersion = 10.0.40219.1
Project("{FAE04EC0-301F-11D3-BF4B-00C04F79EFBC}") = "Chain", "Chain\Chain.csproj", "{2AC5B3D0-45AF-4BC4-977F-0F3B3864F89D}"
EndProject
Project("{FAE04EC0-301F-11D3-BF4B-00C04F79EFBC}") = "ChainLib", "ChainLib\ChainLib.csproj", "{C69B3725-7D3D-4536-B58E-B8E83AD7BD8D}"
EndProject
Global
	GlobalSection(SolutionConfigurationPlatforms) = preSolution
		Debug|Any CPU = Debug|Any CPU
		Release|Any CPU = Release|Any CPU
	EndGlobalSection
	GlobalSection(ProjectConfigurationPlatforms) = postSolution
		{2AC5B3D0-45AF-4BC4-977F-0F3B3864F89D}.Debug|Any CPU.ActiveCfg = Debug|Any CPU
		{2AC5B3D0-45AF-4BC4-977F-0F3B3864F89D}.Debug|Any CPU.Build.0 = Debug|Any CPU
		{2AC5B3D0-45AF-4BC4-977F-0F3B3864F89D}.Release|Any CPU.ActiveCfg = Release|Any CPU
		{2AC5B3D0-45AF-4BC4-977F-0F3B3864F89D}.Release|Any CPU.Build.0 = Release|Any CPU
		{C69B3725-7D3D-4536-B58E-B8E83AD7BD8D}.Debug|Any CPU.ActiveCfg = Debug|Any CPU
		{C69B3725-7D3D-4536-B58E-B8E83AD7BD8D}.Debug|Any CPU.Build.0 = Debug|Any CPU
		{C69B3725-7D3D-4536-B58E-B8E83AD7BD8D}.Release|Any CPU.ActiveCfg = Release|Any CPU
		{C69B3725-7D3D-4536-B58E-B8E83AD7BD8D}.Release|Any CPU.Build.0 = Release|Any CPU
	EndGlobalSection
	GlobalSection(SolutionProperties) = preSolution
		HideSolutionNode = FALSE
	EndGlobalSection
	GlobalSection(ExtensibilityGlobals) = postSolution
		SolutionGuid = {DB098891-44B9-415D-BE81-E09D7998D3CC}
	EndGlobalSection
EndGlobal
